
Microsoft Visual Studio Solution File, Format Version 12.00
# Visual Studio Version 16
VisualStudioVersion = 25.0.1706.9
MinimumVisualStudioVersion = 10.0.40219.1
Project("{FAE04EC0-301F-11D3-BF4B-00C04F79EFBC}") = "ReqRestRefitA", "ReqRestRefitA\ReqRestRefitA.csproj", "{5990D22B-74F5-4CE2-BD9B-B102D799399A}"
EndProject
Global
	GlobalSection(SolutionConfigurationPlatforms) = preSolution
		Debug|Any CPU = Debug|Any CPU
		Release|Any CPU = Release|Any CPU
	EndGlobalSection
	GlobalSection(ProjectConfigurationPlatforms) = postSolution
		{5990D22B-74F5-4CE2-BD9B-B102D799399A}.Debug|Any CPU.ActiveCfg = Debug|Any CPU
		{5990D22B-74F5-4CE2-BD9B-B102D799399A}.Debug|Any CPU.Build.0 = Debug|Any CPU
		{5990D22B-74F5-4CE2-BD9B-B102D799399A}.Release|Any CPU.ActiveCfg = Release|Any CPU
		{5990D22B-74F5-4CE2-BD9B-B102D799399A}.Release|Any CPU.Build.0 = Release|Any CPU
	EndGlobalSection
	GlobalSection(SolutionProperties) = preSolution
		HideSolutionNode = FALSE
	EndGlobalSection
	GlobalSection(ExtensibilityGlobals) = postSolution
		SolutionGuid = {F90B63B5-8C41-4798-81EF-FC8ACD4C0105}
	EndGlobalSection
EndGlobal
